// !$*UTF8*$!
{
	archiveVersion = 1;
	classes = {
	};
	objectVersion = 46;
	objects = {

/* Begin PBXBuildFile section */
		DD2B334114CF75AE008DE8CB /* UIKit.framework in Frameworks */ = {isa = PBXBuildFile; fileRef = DD2B334014CF75AE008DE8CB /* UIKit.framework */; };
		DD2B334314CF75AE008DE8CB /* Foundation.framework in Frameworks */ = {isa = PBXBuildFile; fileRef = DD2B334214CF75AE008DE8CB /* Foundation.framework */; };
		DD2B334514CF75AE008DE8CB /* CoreGraphics.framework in Frameworks */ = {isa = PBXBuildFile; fileRef = DD2B334414CF75AE008DE8CB /* CoreGraphics.framework */; };
		DD2B334B14CF75AE008DE8CB /* InfoPlist.strings in Resources */ = {isa = PBXBuildFile; fileRef = DD2B334914CF75AE008DE8CB /* InfoPlist.strings */; };
		DD2B334D14CF75AE008DE8CB /* main.m in Sources */ = {isa = PBXBuildFile; fileRef = DD2B334C14CF75AE008DE8CB /* main.m */; };
		DD2B335114CF75AE008DE8CB /* DSMRAppDelegate.m in Sources */ = {isa = PBXBuildFile; fileRef = DD2B335014CF75AE008DE8CB /* DSMRAppDelegate.m */; };
		DD2B335414CF75AE008DE8CB /* DSMRViewController.m in Sources */ = {isa = PBXBuildFile; fileRef = DD2B335314CF75AE008DE8CB /* DSMRViewController.m */; };
		DD2B335714CF75AE008DE8CB /* DSMRViewController.xib in Resources */ = {isa = PBXBuildFile; fileRef = DD2B335514CF75AE008DE8CB /* DSMRViewController.xib */; };
		DD2B373814CF7A4D008DE8CB /* libMapView.a in Frameworks */ = {isa = PBXBuildFile; fileRef = DD2B373114CF79ED008DE8CB /* libMapView.a */; };
		DD2B373A14CF7AAB008DE8CB /* libsqlite3.dylib in Frameworks */ = {isa = PBXBuildFile; fileRef = DD2B373914CF7AAB008DE8CB /* libsqlite3.dylib */; };
		DD2B373C14CF7AC7008DE8CB /* QuartzCore.framework in Frameworks */ = {isa = PBXBuildFile; fileRef = DD2B373B14CF7AC7008DE8CB /* QuartzCore.framework */; };
		DD2B373E14CF7BFB008DE8CB /* CoreLocation.framework in Frameworks */ = {isa = PBXBuildFile; fileRef = DD2B373D14CF7BFB008DE8CB /* CoreLocation.framework */; };
		DD2B375914CF822C008DE8CB /* geography-class.mbtiles in Resources */ = {isa = PBXBuildFile; fileRef = DD2B375814CF822C008DE8CB /* geography-class.mbtiles */; };
		DD2B375F14CF9156008DE8CB /* DSMRTimelineView.m in Sources */ = {isa = PBXBuildFile; fileRef = DD2B375E14CF9156008DE8CB /* DSMRTimelineView.m */; };
		DD4312F814D8AACA00697249 /* DSMRThemePicker.m in Sources */ = {isa = PBXBuildFile; fileRef = DD4312F614D8AACA00697249 /* DSMRThemePicker.m */; };
		DD4312F914D8AACA00697249 /* DSMRThemePicker.xib in Resources */ = {isa = PBXBuildFile; fileRef = DD4312F714D8AACA00697249 /* DSMRThemePicker.xib */; };
		DD4312FC14D8B1C500697249 /* DSMRWrapperController.m in Sources */ = {isa = PBXBuildFile; fileRef = DD4312FB14D8B1C500697249 /* DSMRWrapperController.m */; };
		DD43131314D8D26800697249 /* needle.png in Resources */ = {isa = PBXBuildFile; fileRef = DD43131214D8D26800697249 /* needle.png */; };
		DD8B4ED314E4A6FA00D15AF9 /* CoreVideo.framework in Frameworks */ = {isa = PBXBuildFile; fileRef = DD8B4ED214E4A6FA00D15AF9 /* CoreVideo.framework */; };
		DD8B4ED514E4A73200D15AF9 /* CoreMedia.framework in Frameworks */ = {isa = PBXBuildFile; fileRef = DD8B4ED414E4A73200D15AF9 /* CoreMedia.framework */; };
		DD8B4F1714E50C2800D15AF9 /* MediaPlayer.framework in Frameworks */ = {isa = PBXBuildFile; fileRef = DD8B4F1614E50C2800D15AF9 /* MediaPlayer.framework */; };
		DD96078F14D32C2800FA2CBA /* UIImage-Extensions.m in Sources */ = {isa = PBXBuildFile; fileRef = DD96078E14D32C2800FA2CBA /* UIImage-Extensions.m */; settings = {COMPILER_FLAGS = "-fno-objc-arc"; }; };
		DD9607C614D33E5D00FA2CBA /* AVFoundation.framework in Frameworks */ = {isa = PBXBuildFile; fileRef = DD9607C514D33E5D00FA2CBA /* AVFoundation.framework */; };
		DD9607C914D34CA900FA2CBA /* DSMRTimelineMarker.m in Sources */ = {isa = PBXBuildFile; fileRef = DD9607C814D34CA900FA2CBA /* DSMRTimelineMarker.m */; };
		DD98B6FE14D76C090092882F /* mapbox.geography-class.plist in Resources */ = {isa = PBXBuildFile; fileRef = DD98B6FD14D76C090092882F /* mapbox.geography-class.plist */; };
		DDC6E5A614E5B496000F611E /* libBlocksKit.a in Frameworks */ = {isa = PBXBuildFile; fileRef = DDC6E59C14E5B463000F611E /* libBlocksKit.a */; };
		DDC6E5A814E5B5F6000F611E /* MessageUI.framework in Frameworks */ = {isa = PBXBuildFile; fileRef = DDC6E5A714E5B5F6000F611E /* MessageUI.framework */; };
		DDC6E5AC14E5BA4E000F611E /* MBProgressHUD.m in Sources */ = {isa = PBXBuildFile; fileRef = DDC6E5AB14E5BA4E000F611E /* MBProgressHUD.m */; };
		DDE3D6E514E9EF9000B71543 /* curl.png in Resources */ = {isa = PBXBuildFile; fileRef = DDE3D6E414E9EF9000B71543 /* curl.png */; };
		DDE3D6E714E9F10900B71543 /* loading.png in Resources */ = {isa = PBXBuildFile; fileRef = DDE3D6E614E9F10900B71543 /* loading.png */; };
		DDE3D6E914EAE6E000B71543 /* fullscreen.png in Resources */ = {isa = PBXBuildFile; fileRef = DDE3D6E814EAE6E000B71543 /* fullscreen.png */; };
		DDE3D6F014EB1AFD00B71543 /* pause.png in Resources */ = {isa = PBXBuildFile; fileRef = DDE3D6ED14EB1AFD00B71543 /* pause.png */; };
		DDE3D6F114EB1AFD00B71543 /* play.png in Resources */ = {isa = PBXBuildFile; fileRef = DDE3D6EE14EB1AFD00B71543 /* play.png */; };
		DDE3D6F214EB1AFD00B71543 /* play_fullscreen.png in Resources */ = {isa = PBXBuildFile; fileRef = DDE3D6EF14EB1AFD00B71543 /* play_fullscreen.png */; };
/* End PBXBuildFile section */

/* Begin PBXContainerItemProxy section */
		DD2B373014CF79ED008DE8CB /* PBXContainerItemProxy */ = {
			isa = PBXContainerItemProxy;
			containerPortal = DD2B372114CF79ED008DE8CB /* MapView.xcodeproj */;
			proxyType = 2;
			remoteGlobalIDString = 17F31EFA1331050A00122B16;
			remoteInfo = MapView;
		};
		DD2B373214CF79ED008DE8CB /* PBXContainerItemProxy */ = {
			isa = PBXContainerItemProxy;
			containerPortal = DD2B372114CF79ED008DE8CB /* MapView.xcodeproj */;
			proxyType = 2;
			remoteGlobalIDString = 2BF3078F0F8AC5C0007014EE;
			remoteInfo = "Unit Tests";
		};
		DD2B373614CF7A08008DE8CB /* PBXContainerItemProxy */ = {
			isa = PBXContainerItemProxy;
			containerPortal = DD2B372114CF79ED008DE8CB /* MapView.xcodeproj */;
			proxyType = 1;
			remoteGlobalIDString = B8C974130E8A19B2007D16AD;
			remoteInfo = MapView;
		};
		DDC6E59714E5B463000F611E /* PBXContainerItemProxy */ = {
			isa = PBXContainerItemProxy;
			containerPortal = DDC6E58A14E5B463000F611E /* BlocksKit.xcodeproj */;
			proxyType = 2;
			remoteGlobalIDString = 6CC40A2A1447B58600E47595;
			remoteInfo = "iOS Framework";
		};
		DDC6E59914E5B463000F611E /* PBXContainerItemProxy */ = {
			isa = PBXContainerItemProxy;
			containerPortal = DDC6E58A14E5B463000F611E /* BlocksKit.xcodeproj */;
			proxyType = 2;
			remoteGlobalIDString = 6CC40A751447BB1400E47595;
			remoteInfo = "OS X Framework";
		};
		DDC6E59B14E5B463000F611E /* PBXContainerItemProxy */ = {
			isa = PBXContainerItemProxy;
			containerPortal = DDC6E58A14E5B463000F611E /* BlocksKit.xcodeproj */;
			proxyType = 2;
			remoteGlobalIDString = 6C3DBF8D1382F1BA00E6C9AA;
			remoteInfo = "iOS Library";
		};
		DDC6E59D14E5B463000F611E /* PBXContainerItemProxy */ = {
			isa = PBXContainerItemProxy;
			containerPortal = DDC6E58A14E5B463000F611E /* BlocksKit.xcodeproj */;
			proxyType = 2;
			remoteGlobalIDString = 6CC08FCE1385555D00DDEABB;
			remoteInfo = "OS X Library";
		};
		DDC6E59F14E5B463000F611E /* PBXContainerItemProxy */ = {
			isa = PBXContainerItemProxy;
			containerPortal = DDC6E58A14E5B463000F611E /* BlocksKit.xcodeproj */;
			proxyType = 2;
			remoteGlobalIDString = 6CC0900913855CAE00DDEABB;
			remoteInfo = "Chameleon Library";
		};
		DDC6E5A114E5B463000F611E /* PBXContainerItemProxy */ = {
			isa = PBXContainerItemProxy;
			containerPortal = DDC6E58A14E5B463000F611E /* BlocksKit.xcodeproj */;
			proxyType = 2;
			remoteGlobalIDString = 60FF000713C023CB004A1394;
			remoteInfo = "iOS Tests";
		};
		DDC6E5A414E5B481000F611E /* PBXContainerItemProxy */ = {
			isa = PBXContainerItemProxy;
			containerPortal = DDC6E58A14E5B463000F611E /* BlocksKit.xcodeproj */;
			proxyType = 1;
			remoteGlobalIDString = 6C3DBF8C1382F1BA00E6C9AA;
			remoteInfo = "iOS Library";
		};
/* End PBXContainerItemProxy section */

/* Begin PBXFileReference section */
		DD2B333C14CF75AE008DE8CB /* Mapresent.app */ = {isa = PBXFileReference; explicitFileType = wrapper.application; includeInIndex = 0; path = Mapresent.app; sourceTree = BUILT_PRODUCTS_DIR; };
		DD2B334014CF75AE008DE8CB /* UIKit.framework */ = {isa = PBXFileReference; lastKnownFileType = wrapper.framework; name = UIKit.framework; path = System/Library/Frameworks/UIKit.framework; sourceTree = SDKROOT; };
		DD2B334214CF75AE008DE8CB /* Foundation.framework */ = {isa = PBXFileReference; lastKnownFileType = wrapper.framework; name = Foundation.framework; path = System/Library/Frameworks/Foundation.framework; sourceTree = SDKROOT; };
		DD2B334414CF75AE008DE8CB /* CoreGraphics.framework */ = {isa = PBXFileReference; lastKnownFileType = wrapper.framework; name = CoreGraphics.framework; path = System/Library/Frameworks/CoreGraphics.framework; sourceTree = SDKROOT; };
		DD2B334814CF75AE008DE8CB /* Mapresent-Info.plist */ = {isa = PBXFileReference; lastKnownFileType = text.plist.xml; path = "Mapresent-Info.plist"; sourceTree = "<group>"; };
		DD2B334A14CF75AE008DE8CB /* en */ = {isa = PBXFileReference; lastKnownFileType = text.plist.strings; name = en; path = en.lproj/InfoPlist.strings; sourceTree = "<group>"; };
		DD2B334C14CF75AE008DE8CB /* main.m */ = {isa = PBXFileReference; lastKnownFileType = sourcecode.c.objc; path = main.m; sourceTree = "<group>"; };
		DD2B334E14CF75AE008DE8CB /* Mapresent-Prefix.pch */ = {isa = PBXFileReference; lastKnownFileType = sourcecode.c.h; path = "Mapresent-Prefix.pch"; sourceTree = "<group>"; };
		DD2B334F14CF75AE008DE8CB /* DSMRAppDelegate.h */ = {isa = PBXFileReference; lastKnownFileType = sourcecode.c.h; path = DSMRAppDelegate.h; sourceTree = "<group>"; };
		DD2B335014CF75AE008DE8CB /* DSMRAppDelegate.m */ = {isa = PBXFileReference; lastKnownFileType = sourcecode.c.objc; path = DSMRAppDelegate.m; sourceTree = "<group>"; };
		DD2B335214CF75AE008DE8CB /* DSMRViewController.h */ = {isa = PBXFileReference; lastKnownFileType = sourcecode.c.h; path = DSMRViewController.h; sourceTree = "<group>"; };
		DD2B335314CF75AE008DE8CB /* DSMRViewController.m */ = {isa = PBXFileReference; lastKnownFileType = sourcecode.c.objc; path = DSMRViewController.m; sourceTree = "<group>"; };
		DD2B335614CF75AE008DE8CB /* en */ = {isa = PBXFileReference; lastKnownFileType = file.xib; name = en; path = en.lproj/DSMRViewController.xib; sourceTree = "<group>"; };
		DD2B372114CF79ED008DE8CB /* MapView.xcodeproj */ = {isa = PBXFileReference; lastKnownFileType = "wrapper.pb-project"; name = MapView.xcodeproj; path = "Externals/alpstein-route-me/MapView/MapView.xcodeproj"; sourceTree = SOURCE_ROOT; };
		DD2B373914CF7AAB008DE8CB /* libsqlite3.dylib */ = {isa = PBXFileReference; lastKnownFileType = "compiled.mach-o.dylib"; name = libsqlite3.dylib; path = usr/lib/libsqlite3.dylib; sourceTree = SDKROOT; };
		DD2B373B14CF7AC7008DE8CB /* QuartzCore.framework */ = {isa = PBXFileReference; lastKnownFileType = wrapper.framework; name = QuartzCore.framework; path = System/Library/Frameworks/QuartzCore.framework; sourceTree = SDKROOT; };
		DD2B373D14CF7BFB008DE8CB /* CoreLocation.framework */ = {isa = PBXFileReference; lastKnownFileType = wrapper.framework; name = CoreLocation.framework; path = System/Library/Frameworks/CoreLocation.framework; sourceTree = SDKROOT; };
		DD2B375814CF822C008DE8CB /* geography-class.mbtiles */ = {isa = PBXFileReference; lastKnownFileType = file; path = "geography-class.mbtiles"; sourceTree = "<group>"; };
		DD2B375D14CF9156008DE8CB /* DSMRTimelineView.h */ = {isa = PBXFileReference; fileEncoding = 4; lastKnownFileType = sourcecode.c.h; path = DSMRTimelineView.h; sourceTree = "<group>"; };
		DD2B375E14CF9156008DE8CB /* DSMRTimelineView.m */ = {isa = PBXFileReference; fileEncoding = 4; lastKnownFileType = sourcecode.c.objc; path = DSMRTimelineView.m; sourceTree = "<group>"; };
		DD4312F514D8AACA00697249 /* DSMRThemePicker.h */ = {isa = PBXFileReference; fileEncoding = 4; lastKnownFileType = sourcecode.c.h; path = DSMRThemePicker.h; sourceTree = "<group>"; };
		DD4312F614D8AACA00697249 /* DSMRThemePicker.m */ = {isa = PBXFileReference; fileEncoding = 4; lastKnownFileType = sourcecode.c.objc; path = DSMRThemePicker.m; sourceTree = "<group>"; };
		DD4312F714D8AACA00697249 /* DSMRThemePicker.xib */ = {isa = PBXFileReference; fileEncoding = 4; lastKnownFileType = file.xib; path = DSMRThemePicker.xib; sourceTree = "<group>"; };
		DD4312FA14D8B1C500697249 /* DSMRWrapperController.h */ = {isa = PBXFileReference; fileEncoding = 4; lastKnownFileType = sourcecode.c.h; path = DSMRWrapperController.h; sourceTree = "<group>"; };
		DD4312FB14D8B1C500697249 /* DSMRWrapperController.m */ = {isa = PBXFileReference; fileEncoding = 4; lastKnownFileType = sourcecode.c.objc; path = DSMRWrapperController.m; sourceTree = "<group>"; };
		DD43131214D8D26800697249 /* needle.png */ = {isa = PBXFileReference; lastKnownFileType = image.png; path = needle.png; sourceTree = "<group>"; };
		DD8B4ED214E4A6FA00D15AF9 /* CoreVideo.framework */ = {isa = PBXFileReference; lastKnownFileType = wrapper.framework; name = CoreVideo.framework; path = System/Library/Frameworks/CoreVideo.framework; sourceTree = SDKROOT; };
		DD8B4ED414E4A73200D15AF9 /* CoreMedia.framework */ = {isa = PBXFileReference; lastKnownFileType = wrapper.framework; name = CoreMedia.framework; path = System/Library/Frameworks/CoreMedia.framework; sourceTree = SDKROOT; };
		DD8B4F1614E50C2800D15AF9 /* MediaPlayer.framework */ = {isa = PBXFileReference; lastKnownFileType = wrapper.framework; name = MediaPlayer.framework; path = System/Library/Frameworks/MediaPlayer.framework; sourceTree = SDKROOT; };
		DD96078D14D32C2800FA2CBA /* UIImage-Extensions.h */ = {isa = PBXFileReference; fileEncoding = 4; lastKnownFileType = sourcecode.c.h; name = "UIImage-Extensions.h"; path = "Externals/UIImage-Extensions/UIImage-Extensions.h"; sourceTree = SOURCE_ROOT; };
		DD96078E14D32C2800FA2CBA /* UIImage-Extensions.m */ = {isa = PBXFileReference; fileEncoding = 4; lastKnownFileType = sourcecode.c.objc; name = "UIImage-Extensions.m"; path = "Externals/UIImage-Extensions/UIImage-Extensions.m"; sourceTree = SOURCE_ROOT; };
		DD9607C514D33E5D00FA2CBA /* AVFoundation.framework */ = {isa = PBXFileReference; lastKnownFileType = wrapper.framework; name = AVFoundation.framework; path = System/Library/Frameworks/AVFoundation.framework; sourceTree = SDKROOT; };
		DD9607C714D34CA900FA2CBA /* DSMRTimelineMarker.h */ = {isa = PBXFileReference; fileEncoding = 4; lastKnownFileType = sourcecode.c.h; path = DSMRTimelineMarker.h; sourceTree = "<group>"; };
		DD9607C814D34CA900FA2CBA /* DSMRTimelineMarker.m */ = {isa = PBXFileReference; fileEncoding = 4; lastKnownFileType = sourcecode.c.objc; path = DSMRTimelineMarker.m; sourceTree = "<group>"; };
		DD98B6FD14D76C090092882F /* mapbox.geography-class.plist */ = {isa = PBXFileReference; fileEncoding = 4; lastKnownFileType = text.plist.xml; path = "mapbox.geography-class.plist"; sourceTree = "<group>"; };
		DDC6E58A14E5B463000F611E /* BlocksKit.xcodeproj */ = {isa = PBXFileReference; lastKnownFileType = "wrapper.pb-project"; name = BlocksKit.xcodeproj; path = Externals/BlocksKit/BlocksKit.xcodeproj; sourceTree = SOURCE_ROOT; };
		DDC6E5A714E5B5F6000F611E /* MessageUI.framework */ = {isa = PBXFileReference; lastKnownFileType = wrapper.framework; name = MessageUI.framework; path = System/Library/Frameworks/MessageUI.framework; sourceTree = SDKROOT; };
		DDC6E5AA14E5BA4E000F611E /* MBProgressHUD.h */ = {isa = PBXFileReference; fileEncoding = 4; lastKnownFileType = sourcecode.c.h; name = MBProgressHUD.h; path = Externals/MBProgressHUD/MBProgressHUD.h; sourceTree = SOURCE_ROOT; };
		DDC6E5AB14E5BA4E000F611E /* MBProgressHUD.m */ = {isa = PBXFileReference; fileEncoding = 4; lastKnownFileType = sourcecode.c.objc; name = MBProgressHUD.m; path = Externals/MBProgressHUD/MBProgressHUD.m; sourceTree = SOURCE_ROOT; };
		DDE3D6E414E9EF9000B71543 /* curl.png */ = {isa = PBXFileReference; lastKnownFileType = image.png; path = curl.png; sourceTree = "<group>"; };
		DDE3D6E614E9F10900B71543 /* loading.png */ = {isa = PBXFileReference; lastKnownFileType = image.png; path = loading.png; sourceTree = "<group>"; };
		DDE3D6E814EAE6E000B71543 /* fullscreen.png */ = {isa = PBXFileReference; lastKnownFileType = image.png; path = fullscreen.png; sourceTree = "<group>"; };
		DDE3D6ED14EB1AFD00B71543 /* pause.png */ = {isa = PBXFileReference; lastKnownFileType = image.png; path = pause.png; sourceTree = "<group>"; };
		DDE3D6EE14EB1AFD00B71543 /* play.png */ = {isa = PBXFileReference; lastKnownFileType = image.png; path = play.png; sourceTree = "<group>"; };
		DDE3D6EF14EB1AFD00B71543 /* play_fullscreen.png */ = {isa = PBXFileReference; lastKnownFileType = image.png; path = play_fullscreen.png; sourceTree = "<group>"; };
/* End PBXFileReference section */

/* Begin PBXFrameworksBuildPhase section */
		DD2B333914CF75AE008DE8CB /* Frameworks */ = {
			isa = PBXFrameworksBuildPhase;
			buildActionMask = 2147483647;
			files = (
				DD9607C614D33E5D00FA2CBA /* AVFoundation.framework in Frameworks */,
				DD2B334514CF75AE008DE8CB /* CoreGraphics.framework in Frameworks */,
				DD2B373E14CF7BFB008DE8CB /* CoreLocation.framework in Frameworks */,
				DD8B4ED514E4A73200D15AF9 /* CoreMedia.framework in Frameworks */,
				DD8B4ED314E4A6FA00D15AF9 /* CoreVideo.framework in Frameworks */,
				DD2B334314CF75AE008DE8CB /* Foundation.framework in Frameworks */,
				DD8B4F1714E50C2800D15AF9 /* MediaPlayer.framework in Frameworks */,
				DDC6E5A814E5B5F6000F611E /* MessageUI.framework in Frameworks */,
				DD2B373C14CF7AC7008DE8CB /* QuartzCore.framework in Frameworks */,
				DD2B334114CF75AE008DE8CB /* UIKit.framework in Frameworks */,
				DDC6E5A614E5B496000F611E /* libBlocksKit.a in Frameworks */,
				DD2B373814CF7A4D008DE8CB /* libMapView.a in Frameworks */,
				DD2B373A14CF7AAB008DE8CB /* libsqlite3.dylib in Frameworks */,
			);
			runOnlyForDeploymentPostprocessing = 0;
		};
/* End PBXFrameworksBuildPhase section */

/* Begin PBXGroup section */
		DD2B333114CF75AE008DE8CB = {
			isa = PBXGroup;
			children = (
				DD2B334614CF75AE008DE8CB /* Mapresent */,
				DD2B375714CF81F1008DE8CB /* Resources */,
				DD2B336214CF79BF008DE8CB /* Externals */,
				DD2B333F14CF75AE008DE8CB /* Frameworks */,
				DD2B333D14CF75AE008DE8CB /* Products */,
			);
			sourceTree = "<group>";
		};
		DD2B333D14CF75AE008DE8CB /* Products */ = {
			isa = PBXGroup;
			children = (
				DD2B333C14CF75AE008DE8CB /* Mapresent.app */,
			);
			name = Products;
			sourceTree = "<group>";
		};
		DD2B333F14CF75AE008DE8CB /* Frameworks */ = {
			isa = PBXGroup;
			children = (
				DD9607C514D33E5D00FA2CBA /* AVFoundation.framework */,
				DD2B334414CF75AE008DE8CB /* CoreGraphics.framework */,
				DD2B373D14CF7BFB008DE8CB /* CoreLocation.framework */,
				DD8B4ED414E4A73200D15AF9 /* CoreMedia.framework */,
				DD8B4ED214E4A6FA00D15AF9 /* CoreVideo.framework */,
				DD2B334214CF75AE008DE8CB /* Foundation.framework */,
				DD8B4F1614E50C2800D15AF9 /* MediaPlayer.framework */,
				DDC6E5A714E5B5F6000F611E /* MessageUI.framework */,
				DD2B373B14CF7AC7008DE8CB /* QuartzCore.framework */,
				DD2B334014CF75AE008DE8CB /* UIKit.framework */,
				DD2B373914CF7AAB008DE8CB /* libsqlite3.dylib */,
			);
			name = Frameworks;
			sourceTree = "<group>";
		};
		DD2B334614CF75AE008DE8CB /* Mapresent */ = {
			isa = PBXGroup;
			children = (
				DD2B334F14CF75AE008DE8CB /* DSMRAppDelegate.h */,
				DD2B335014CF75AE008DE8CB /* DSMRAppDelegate.m */,
				DD2B335214CF75AE008DE8CB /* DSMRViewController.h */,
				DD2B335314CF75AE008DE8CB /* DSMRViewController.m */,
				DD2B335514CF75AE008DE8CB /* DSMRViewController.xib */,
				DD9607C714D34CA900FA2CBA /* DSMRTimelineMarker.h */,
				DD9607C814D34CA900FA2CBA /* DSMRTimelineMarker.m */,
				DD2B375D14CF9156008DE8CB /* DSMRTimelineView.h */,
				DD2B375E14CF9156008DE8CB /* DSMRTimelineView.m */,
				DD4312FA14D8B1C500697249 /* DSMRWrapperController.h */,
				DD4312FB14D8B1C500697249 /* DSMRWrapperController.m */,
				DD4312F514D8AACA00697249 /* DSMRThemePicker.h */,
				DD4312F614D8AACA00697249 /* DSMRThemePicker.m */,
				DD4312F714D8AACA00697249 /* DSMRThemePicker.xib */,
				DD2B334714CF75AE008DE8CB /* Supporting Files */,
			);
			path = Mapresent;
			sourceTree = "<group>";
		};
		DD2B334714CF75AE008DE8CB /* Supporting Files */ = {
			isa = PBXGroup;
			children = (
				DD2B334814CF75AE008DE8CB /* Mapresent-Info.plist */,
				DD2B334914CF75AE008DE8CB /* InfoPlist.strings */,
				DD2B334C14CF75AE008DE8CB /* main.m */,
				DD2B334E14CF75AE008DE8CB /* Mapresent-Prefix.pch */,
			);
			name = "Supporting Files";
			sourceTree = "<group>";
		};
		DD2B336214CF79BF008DE8CB /* Externals */ = {
			isa = PBXGroup;
			children = (
				DD2B373514CF79F2008DE8CB /* Alpstein Route-Me */,
				DDC6E5A314E5B467000F611E /* BlocksKit */,
				DDC6E5A914E5BA2E000F611E /* MBProgressHUD */,
				DD96079014D32C2D00FA2CBA /* UIImage-Extensions */,
			);
			name = Externals;
			path = Mapresent;
			sourceTree = "<group>";
		};
		DD2B372214CF79ED008DE8CB /* Products */ = {
			isa = PBXGroup;
			children = (
				DD2B373114CF79ED008DE8CB /* libMapView.a */,
				DD2B373314CF79ED008DE8CB /* RM Unit Tests.app */,
			);
			name = Products;
			sourceTree = "<group>";
		};
		DD2B373514CF79F2008DE8CB /* Alpstein Route-Me */ = {
			isa = PBXGroup;
			children = (
				DD2B372114CF79ED008DE8CB /* MapView.xcodeproj */,
			);
			name = "Alpstein Route-Me";
			sourceTree = "<group>";
		};
		DD2B375714CF81F1008DE8CB /* Resources */ = {
			isa = PBXGroup;
			children = (
				DD2B375814CF822C008DE8CB /* geography-class.mbtiles */,
				DD98B6FD14D76C090092882F /* mapbox.geography-class.plist */,
				DD43131214D8D26800697249 /* needle.png */,
				DDE3D6E414E9EF9000B71543 /* curl.png */,
				DDE3D6E614E9F10900B71543 /* loading.png */,
				DDE3D6E814EAE6E000B71543 /* fullscreen.png */,
				DDE3D6ED14EB1AFD00B71543 /* pause.png */,
				DDE3D6EE14EB1AFD00B71543 /* play.png */,
				DDE3D6EF14EB1AFD00B71543 /* play_fullscreen.png */,
			);
			name = Resources;
			path = Mapresent;
			sourceTree = "<group>";
		};
		DD96079014D32C2D00FA2CBA /* UIImage-Extensions */ = {
			isa = PBXGroup;
			children = (
				DD96078D14D32C2800FA2CBA /* UIImage-Extensions.h */,
				DD96078E14D32C2800FA2CBA /* UIImage-Extensions.m */,
			);
			name = "UIImage-Extensions";
			sourceTree = "<group>";
		};
		DDC6E58B14E5B463000F611E /* Products */ = {
			isa = PBXGroup;
			children = (
				DDC6E59814E5B463000F611E /* BlocksKit.framework */,
				DDC6E59A14E5B463000F611E /* BlocksKit.framework */,
				DDC6E59C14E5B463000F611E /* libBlocksKit.a */,
				DDC6E59E14E5B463000F611E /* BlocksKit.dylib */,
				DDC6E5A014E5B463000F611E /* BlocksKit_Chameleon.dylib */,
				DDC6E5A214E5B463000F611E /* iOS Tests.app */,
			);
			name = Products;
			sourceTree = "<group>";
		};
		DDC6E5A314E5B467000F611E /* BlocksKit */ = {
			isa = PBXGroup;
			children = (
				DDC6E58A14E5B463000F611E /* BlocksKit.xcodeproj */,
			);
			name = BlocksKit;
			sourceTree = "<group>";
		};
		DDC6E5A914E5BA2E000F611E /* MBProgressHUD */ = {
			isa = PBXGroup;
			children = (
				DDC6E5AA14E5BA4E000F611E /* MBProgressHUD.h */,
				DDC6E5AB14E5BA4E000F611E /* MBProgressHUD.m */,
			);
			name = MBProgressHUD;
			sourceTree = "<group>";
		};
/* End PBXGroup section */

/* Begin PBXNativeTarget section */
		DD2B333B14CF75AE008DE8CB /* Mapresent */ = {
			isa = PBXNativeTarget;
			buildConfigurationList = DD2B335A14CF75AE008DE8CB /* Build configuration list for PBXNativeTarget "Mapresent" */;
			buildPhases = (
				DD2B333814CF75AE008DE8CB /* Sources */,
				DD2B333914CF75AE008DE8CB /* Frameworks */,
				DD2B333A14CF75AE008DE8CB /* Resources */,
			);
			buildRules = (
			);
			dependencies = (
				DDC6E5A514E5B481000F611E /* PBXTargetDependency */,
				DD2B373714CF7A08008DE8CB /* PBXTargetDependency */,
			);
			name = Mapresent;
			productName = Mapresent;
			productReference = DD2B333C14CF75AE008DE8CB /* Mapresent.app */;
			productType = "com.apple.product-type.application";
		};
/* End PBXNativeTarget section */

/* Begin PBXProject section */
		DD2B333314CF75AE008DE8CB /* Project object */ = {
			isa = PBXProject;
			attributes = {
				LastUpgradeCheck = 0420;
				ORGANIZATIONNAME = "Development Seed";
			};
			buildConfigurationList = DD2B333614CF75AE008DE8CB /* Build configuration list for PBXProject "Mapresent" */;
			compatibilityVersion = "Xcode 3.2";
			developmentRegion = English;
			hasScannedForEncodings = 0;
			knownRegions = (
				en,
			);
			mainGroup = DD2B333114CF75AE008DE8CB;
			productRefGroup = DD2B333D14CF75AE008DE8CB /* Products */;
			projectDirPath = "";
			projectReferences = (
				{
					ProductGroup = DDC6E58B14E5B463000F611E /* Products */;
					ProjectRef = DDC6E58A14E5B463000F611E /* BlocksKit.xcodeproj */;
				},
				{
					ProductGroup = DD2B372214CF79ED008DE8CB /* Products */;
					ProjectRef = DD2B372114CF79ED008DE8CB /* MapView.xcodeproj */;
				},
			);
			projectRoot = "";
			targets = (
				DD2B333B14CF75AE008DE8CB /* Mapresent */,
			);
		};
/* End PBXProject section */

/* Begin PBXReferenceProxy section */
		DD2B373114CF79ED008DE8CB /* libMapView.a */ = {
			isa = PBXReferenceProxy;
			fileType = archive.ar;
			path = libMapView.a;
			remoteRef = DD2B373014CF79ED008DE8CB /* PBXContainerItemProxy */;
			sourceTree = BUILT_PRODUCTS_DIR;
		};
		DD2B373314CF79ED008DE8CB /* RM Unit Tests.app */ = {
			isa = PBXReferenceProxy;
			fileType = wrapper.application;
			path = "RM Unit Tests.app";
			remoteRef = DD2B373214CF79ED008DE8CB /* PBXContainerItemProxy */;
			sourceTree = BUILT_PRODUCTS_DIR;
		};
		DDC6E59814E5B463000F611E /* BlocksKit.framework */ = {
			isa = PBXReferenceProxy;
			fileType = wrapper.cfbundle;
			path = BlocksKit.framework;
			remoteRef = DDC6E59714E5B463000F611E /* PBXContainerItemProxy */;
			sourceTree = BUILT_PRODUCTS_DIR;
		};
		DDC6E59A14E5B463000F611E /* BlocksKit.framework */ = {
			isa = PBXReferenceProxy;
			fileType = wrapper.framework;
			path = BlocksKit.framework;
			remoteRef = DDC6E59914E5B463000F611E /* PBXContainerItemProxy */;
			sourceTree = BUILT_PRODUCTS_DIR;
		};
		DDC6E59C14E5B463000F611E /* libBlocksKit.a */ = {
			isa = PBXReferenceProxy;
			fileType = archive.ar;
			path = libBlocksKit.a;
			remoteRef = DDC6E59B14E5B463000F611E /* PBXContainerItemProxy */;
			sourceTree = BUILT_PRODUCTS_DIR;
		};
		DDC6E59E14E5B463000F611E /* BlocksKit.dylib */ = {
			isa = PBXReferenceProxy;
			fileType = "compiled.mach-o.dylib";
			path = BlocksKit.dylib;
			remoteRef = DDC6E59D14E5B463000F611E /* PBXContainerItemProxy */;
			sourceTree = BUILT_PRODUCTS_DIR;
		};
		DDC6E5A014E5B463000F611E /* BlocksKit_Chameleon.dylib */ = {
			isa = PBXReferenceProxy;
			fileType = "compiled.mach-o.dylib";
			path = BlocksKit_Chameleon.dylib;
			remoteRef = DDC6E59F14E5B463000F611E /* PBXContainerItemProxy */;
			sourceTree = BUILT_PRODUCTS_DIR;
		};
		DDC6E5A214E5B463000F611E /* iOS Tests.app */ = {
			isa = PBXReferenceProxy;
			fileType = wrapper.application;
			path = "iOS Tests.app";
			remoteRef = DDC6E5A114E5B463000F611E /* PBXContainerItemProxy */;
			sourceTree = BUILT_PRODUCTS_DIR;
		};
/* End PBXReferenceProxy section */

/* Begin PBXResourcesBuildPhase section */
		DD2B333A14CF75AE008DE8CB /* Resources */ = {
			isa = PBXResourcesBuildPhase;
			buildActionMask = 2147483647;
			files = (
				DD2B334B14CF75AE008DE8CB /* InfoPlist.strings in Resources */,
				DD2B335714CF75AE008DE8CB /* DSMRViewController.xib in Resources */,
				DD2B375914CF822C008DE8CB /* geography-class.mbtiles in Resources */,
				DD98B6FE14D76C090092882F /* mapbox.geography-class.plist in Resources */,
				DD4312F914D8AACA00697249 /* DSMRThemePicker.xib in Resources */,
				DD43131314D8D26800697249 /* needle.png in Resources */,
				DDE3D6E514E9EF9000B71543 /* curl.png in Resources */,
				DDE3D6E714E9F10900B71543 /* loading.png in Resources */,
				DDE3D6E914EAE6E000B71543 /* fullscreen.png in Resources */,
				DDE3D6F014EB1AFD00B71543 /* pause.png in Resources */,
				DDE3D6F114EB1AFD00B71543 /* play.png in Resources */,
				DDE3D6F214EB1AFD00B71543 /* play_fullscreen.png in Resources */,
			);
			runOnlyForDeploymentPostprocessing = 0;
		};
/* End PBXResourcesBuildPhase section */

/* Begin PBXSourcesBuildPhase section */
		DD2B333814CF75AE008DE8CB /* Sources */ = {
			isa = PBXSourcesBuildPhase;
			buildActionMask = 2147483647;
			files = (
				DD2B334D14CF75AE008DE8CB /* main.m in Sources */,
				DD2B335114CF75AE008DE8CB /* DSMRAppDelegate.m in Sources */,
				DD2B335414CF75AE008DE8CB /* DSMRViewController.m in Sources */,
				DD2B375F14CF9156008DE8CB /* DSMRTimelineView.m in Sources */,
				DD96078F14D32C2800FA2CBA /* UIImage-Extensions.m in Sources */,
				DD9607C914D34CA900FA2CBA /* DSMRTimelineMarker.m in Sources */,
				DD4312F814D8AACA00697249 /* DSMRThemePicker.m in Sources */,
				DD4312FC14D8B1C500697249 /* DSMRWrapperController.m in Sources */,
				DDC6E5AC14E5BA4E000F611E /* MBProgressHUD.m in Sources */,
			);
			runOnlyForDeploymentPostprocessing = 0;
		};
/* End PBXSourcesBuildPhase section */

/* Begin PBXTargetDependency section */
		DD2B373714CF7A08008DE8CB /* PBXTargetDependency */ = {
			isa = PBXTargetDependency;
			name = MapView;
			targetProxy = DD2B373614CF7A08008DE8CB /* PBXContainerItemProxy */;
		};
		DDC6E5A514E5B481000F611E /* PBXTargetDependency */ = {
			isa = PBXTargetDependency;
			name = "iOS Library";
			targetProxy = DDC6E5A414E5B481000F611E /* PBXContainerItemProxy */;
		};
/* End PBXTargetDependency section */

/* Begin PBXVariantGroup section */
		DD2B334914CF75AE008DE8CB /* InfoPlist.strings */ = {
			isa = PBXVariantGroup;
			children = (
				DD2B334A14CF75AE008DE8CB /* en */,
			);
			name = InfoPlist.strings;
			sourceTree = "<group>";
		};
		DD2B335514CF75AE008DE8CB /* DSMRViewController.xib */ = {
			isa = PBXVariantGroup;
			children = (
				DD2B335614CF75AE008DE8CB /* en */,
			);
			name = DSMRViewController.xib;
			sourceTree = "<group>";
		};
/* End PBXVariantGroup section */

/* Begin XCBuildConfiguration section */
		DD2B335814CF75AE008DE8CB /* Debug */ = {
			isa = XCBuildConfiguration;
			buildSettings = {
				ALWAYS_SEARCH_USER_PATHS = NO;
				ARCHS = "$(ARCHS_STANDARD_32_BIT)";
				CLANG_ENABLE_OBJC_ARC = YES;
				"CODE_SIGN_IDENTITY[sdk=iphoneos*]" = "iPhone Developer";
				COPY_PHASE_STRIP = NO;
				GCC_C_LANGUAGE_STANDARD = gnu99;
				GCC_DYNAMIC_NO_PIC = NO;
				GCC_OPTIMIZATION_LEVEL = 0;
				GCC_PREPROCESSOR_DEFINITIONS = (
					"DEBUG=1",
					"$(inherited)",
				);
				GCC_SYMBOLS_PRIVATE_EXTERN = NO;
				GCC_VERSION = com.apple.compilers.llvm.clang.1_0;
				GCC_WARN_ABOUT_MISSING_PROTOTYPES = YES;
				GCC_WARN_ABOUT_RETURN_TYPE = YES;
				GCC_WARN_UNUSED_VARIABLE = YES;
				HEADER_SEARCH_PATHS = "\"$(SRCROOT)/Externals/alpstein-route-me/MapView/Map/**";
				IPHONEOS_DEPLOYMENT_TARGET = 5.0;
				SDKROOT = iphoneos;
				TARGETED_DEVICE_FAMILY = 2;
			};
			name = Debug;
		};
		DD2B335914CF75AE008DE8CB /* Release */ = {
			isa = XCBuildConfiguration;
			buildSettings = {
				ALWAYS_SEARCH_USER_PATHS = NO;
				ARCHS = "$(ARCHS_STANDARD_32_BIT)";
				CLANG_ENABLE_OBJC_ARC = YES;
				"CODE_SIGN_IDENTITY[sdk=iphoneos*]" = "iPhone Developer";
				COPY_PHASE_STRIP = YES;
				GCC_C_LANGUAGE_STANDARD = gnu99;
				GCC_VERSION = com.apple.compilers.llvm.clang.1_0;
				GCC_WARN_ABOUT_MISSING_PROTOTYPES = YES;
				GCC_WARN_ABOUT_RETURN_TYPE = YES;
				GCC_WARN_UNUSED_VARIABLE = YES;
				HEADER_SEARCH_PATHS = "\"$(SRCROOT)/Externals/alpstein-route-me/MapView/Map/**";
				IPHONEOS_DEPLOYMENT_TARGET = 5.0;
				OTHER_CFLAGS = "-DNS_BLOCK_ASSERTIONS=1";
				SDKROOT = iphoneos;
				TARGETED_DEVICE_FAMILY = 2;
				VALIDATE_PRODUCT = YES;
			};
			name = Release;
		};
		DD2B335B14CF75AE008DE8CB /* Debug */ = {
			isa = XCBuildConfiguration;
			buildSettings = {
				GCC_PRECOMPILE_PREFIX_HEADER = YES;
				GCC_PREFIX_HEADER = "Mapresent/Mapresent-Prefix.pch";
				HEADER_SEARCH_PATHS = (
					"\"$(SRCROOT)/Externals/BlocksKit\"/**",
					"\"$(SRCROOT)/Externals/alpstein-route-me/MapView/Map\"/**",
				);
				INFOPLIST_FILE = "Mapresent/Mapresent-Info.plist";
				OTHER_LDFLAGS = (
					"-ObjC",
					"-all_load",
				);
				PRODUCT_NAME = "$(TARGET_NAME)";
				WRAPPER_EXTENSION = app;
			};
			name = Debug;
		};
		DD2B335C14CF75AE008DE8CB /* Release */ = {
			isa = XCBuildConfiguration;
			buildSettings = {
				GCC_PRECOMPILE_PREFIX_HEADER = YES;
				GCC_PREFIX_HEADER = "Mapresent/Mapresent-Prefix.pch";
				HEADER_SEARCH_PATHS = (
					"\"$(SRCROOT)/Externals/BlocksKit\"/**",
					"\"$(SRCROOT)/Externals/alpstein-route-me/MapView/Map\"/**",
				);
				INFOPLIST_FILE = "Mapresent/Mapresent-Info.plist";
				OTHER_LDFLAGS = (
					"-ObjC",
					"-all_load",
				);
				PRODUCT_NAME = "$(TARGET_NAME)";
				WRAPPER_EXTENSION = app;
			};
			name = Release;
		};
/* End XCBuildConfiguration section */

/* Begin XCConfigurationList section */
		DD2B333614CF75AE008DE8CB /* Build configuration list for PBXProject "Mapresent" */ = {
			isa = XCConfigurationList;
			buildConfigurations = (
				DD2B335814CF75AE008DE8CB /* Debug */,
				DD2B335914CF75AE008DE8CB /* Release */,
			);
			defaultConfigurationIsVisible = 0;
			defaultConfigurationName = Release;
		};
		DD2B335A14CF75AE008DE8CB /* Build configuration list for PBXNativeTarget "Mapresent" */ = {
			isa = XCConfigurationList;
			buildConfigurations = (
				DD2B335B14CF75AE008DE8CB /* Debug */,
				DD2B335C14CF75AE008DE8CB /* Release */,
			);
			defaultConfigurationIsVisible = 0;
			defaultConfigurationName = Release;
		};
/* End XCConfigurationList section */
	};
	rootObject = DD2B333314CF75AE008DE8CB /* Project object */;
}
