// !$*UTF8*$!
{
	archiveVersion = 1;
	classes = {
	};
	objectVersion = 46;
	objects = {

/* Begin PBXBuildFile section */
		DD2B334114CF75AE008DE8CB /* UIKit.framework in Frameworks */ = {isa = PBXBuildFile; fileRef = DD2B334014CF75AE008DE8CB /* UIKit.framework */; };
		DD2B334314CF75AE008DE8CB /* Foundation.framework in Frameworks */ = {isa = PBXBuildFile; fileRef = DD2B334214CF75AE008DE8CB /* Foundation.framework */; };
		DD2B334514CF75AE008DE8CB /* CoreGraphics.framework in Frameworks */ = {isa = PBXBuildFile; fileRef = DD2B334414CF75AE008DE8CB /* CoreGraphics.framework */; };
		DD2B334B14CF75AE008DE8CB /* InfoPlist.strings in Resources */ = {isa = PBXBuildFile; fileRef = DD2B334914CF75AE008DE8CB /* InfoPlist.strings */; };
		DD2B334D14CF75AE008DE8CB /* main.m in Sources */ = {isa = PBXBuildFile; fileRef = DD2B334C14CF75AE008DE8CB /* main.m */; };
		DD2B335114CF75AE008DE8CB /* DSMRAppDelegate.m in Sources */ = {isa = PBXBuildFile; fileRef = DD2B335014CF75AE008DE8CB /* DSMRAppDelegate.m */; };
		DD2B335414CF75AE008DE8CB /* DSMRViewController.m in Sources */ = {isa = PBXBuildFile; fileRef = DD2B335314CF75AE008DE8CB /* DSMRViewController.m */; };
		DD2B335714CF75AE008DE8CB /* DSMRViewController.xib in Resources */ = {isa = PBXBuildFile; fileRef = DD2B335514CF75AE008DE8CB /* DSMRViewController.xib */; };
		DD2B373814CF7A4D008DE8CB /* libMapView.a in Frameworks */ = {isa = PBXBuildFile; fileRef = DD2B373114CF79ED008DE8CB /* libMapView.a */; };
		DD2B373A14CF7AAB008DE8CB /* libsqlite3.dylib in Frameworks */ = {isa = PBXBuildFile; fileRef = DD2B373914CF7AAB008DE8CB /* libsqlite3.dylib */; };
		DD2B373C14CF7AC7008DE8CB /* QuartzCore.framework in Frameworks */ = {isa = PBXBuildFile; fileRef = DD2B373B14CF7AC7008DE8CB /* QuartzCore.framework */; };
		DD2B373E14CF7BFB008DE8CB /* CoreLocation.framework in Frameworks */ = {isa = PBXBuildFile; fileRef = DD2B373D14CF7BFB008DE8CB /* CoreLocation.framework */; };
		DD2B375914CF822C008DE8CB /* geography-class.mbtiles in Resources */ = {isa = PBXBuildFile; fileRef = DD2B375814CF822C008DE8CB /* geography-class.mbtiles */; };
/* End PBXBuildFile section */

/* Begin PBXContainerItemProxy section */
		DD2B373014CF79ED008DE8CB /* PBXContainerItemProxy */ = {
			isa = PBXContainerItemProxy;
			containerPortal = DD2B372114CF79ED008DE8CB /* MapView.xcodeproj */;
			proxyType = 2;
			remoteGlobalIDString = 17F31EFA1331050A00122B16;
			remoteInfo = MapView;
		};
		DD2B373214CF79ED008DE8CB /* PBXContainerItemProxy */ = {
			isa = PBXContainerItemProxy;
			containerPortal = DD2B372114CF79ED008DE8CB /* MapView.xcodeproj */;
			proxyType = 2;
			remoteGlobalIDString = 2BF3078F0F8AC5C0007014EE;
			remoteInfo = "Unit Tests";
		};
		DD2B373614CF7A08008DE8CB /* PBXContainerItemProxy */ = {
			isa = PBXContainerItemProxy;
			containerPortal = DD2B372114CF79ED008DE8CB /* MapView.xcodeproj */;
			proxyType = 1;
			remoteGlobalIDString = B8C974130E8A19B2007D16AD;
			remoteInfo = MapView;
		};
/* End PBXContainerItemProxy section */

/* Begin PBXFileReference section */
		DD2B333C14CF75AE008DE8CB /* Mapresent.app */ = {isa = PBXFileReference; explicitFileType = wrapper.application; includeInIndex = 0; path = Mapresent.app; sourceTree = BUILT_PRODUCTS_DIR; };
		DD2B334014CF75AE008DE8CB /* UIKit.framework */ = {isa = PBXFileReference; lastKnownFileType = wrapper.framework; name = UIKit.framework; path = System/Library/Frameworks/UIKit.framework; sourceTree = SDKROOT; };
		DD2B334214CF75AE008DE8CB /* Foundation.framework */ = {isa = PBXFileReference; lastKnownFileType = wrapper.framework; name = Foundation.framework; path = System/Library/Frameworks/Foundation.framework; sourceTree = SDKROOT; };
		DD2B334414CF75AE008DE8CB /* CoreGraphics.framework */ = {isa = PBXFileReference; lastKnownFileType = wrapper.framework; name = CoreGraphics.framework; path = System/Library/Frameworks/CoreGraphics.framework; sourceTree = SDKROOT; };
		DD2B334814CF75AE008DE8CB /* Mapresent-Info.plist */ = {isa = PBXFileReference; lastKnownFileType = text.plist.xml; path = "Mapresent-Info.plist"; sourceTree = "<group>"; };
		DD2B334A14CF75AE008DE8CB /* en */ = {isa = PBXFileReference; lastKnownFileType = text.plist.strings; name = en; path = en.lproj/InfoPlist.strings; sourceTree = "<group>"; };
		DD2B334C14CF75AE008DE8CB /* main.m */ = {isa = PBXFileReference; lastKnownFileType = sourcecode.c.objc; path = main.m; sourceTree = "<group>"; };
		DD2B334E14CF75AE008DE8CB /* Mapresent-Prefix.pch */ = {isa = PBXFileReference; lastKnownFileType = sourcecode.c.h; path = "Mapresent-Prefix.pch"; sourceTree = "<group>"; };
		DD2B334F14CF75AE008DE8CB /* DSMRAppDelegate.h */ = {isa = PBXFileReference; lastKnownFileType = sourcecode.c.h; path = DSMRAppDelegate.h; sourceTree = "<group>"; };
		DD2B335014CF75AE008DE8CB /* DSMRAppDelegate.m */ = {isa = PBXFileReference; lastKnownFileType = sourcecode.c.objc; path = DSMRAppDelegate.m; sourceTree = "<group>"; };
		DD2B335214CF75AE008DE8CB /* DSMRViewController.h */ = {isa = PBXFileReference; lastKnownFileType = sourcecode.c.h; path = DSMRViewController.h; sourceTree = "<group>"; };
		DD2B335314CF75AE008DE8CB /* DSMRViewController.m */ = {isa = PBXFileReference; lastKnownFileType = sourcecode.c.objc; path = DSMRViewController.m; sourceTree = "<group>"; };
		DD2B335614CF75AE008DE8CB /* en */ = {isa = PBXFileReference; lastKnownFileType = file.xib; name = en; path = en.lproj/DSMRViewController.xib; sourceTree = "<group>"; };
		DD2B372114CF79ED008DE8CB /* MapView.xcodeproj */ = {isa = PBXFileReference; lastKnownFileType = "wrapper.pb-project"; name = MapView.xcodeproj; path = "Externals/alpstein-route-me/MapView/MapView.xcodeproj"; sourceTree = SOURCE_ROOT; };
		DD2B373914CF7AAB008DE8CB /* libsqlite3.dylib */ = {isa = PBXFileReference; lastKnownFileType = "compiled.mach-o.dylib"; name = libsqlite3.dylib; path = usr/lib/libsqlite3.dylib; sourceTree = SDKROOT; };
		DD2B373B14CF7AC7008DE8CB /* QuartzCore.framework */ = {isa = PBXFileReference; lastKnownFileType = wrapper.framework; name = QuartzCore.framework; path = System/Library/Frameworks/QuartzCore.framework; sourceTree = SDKROOT; };
		DD2B373D14CF7BFB008DE8CB /* CoreLocation.framework */ = {isa = PBXFileReference; lastKnownFileType = wrapper.framework; name = CoreLocation.framework; path = System/Library/Frameworks/CoreLocation.framework; sourceTree = SDKROOT; };
		DD2B375814CF822C008DE8CB /* geography-class.mbtiles */ = {isa = PBXFileReference; lastKnownFileType = file; path = "geography-class.mbtiles"; sourceTree = "<group>"; };
/* End PBXFileReference section */

/* Begin PBXFrameworksBuildPhase section */
		DD2B333914CF75AE008DE8CB /* Frameworks */ = {
			isa = PBXFrameworksBuildPhase;
			buildActionMask = 2147483647;
			files = (
				DD2B334514CF75AE008DE8CB /* CoreGraphics.framework in Frameworks */,
				DD2B373E14CF7BFB008DE8CB /* CoreLocation.framework in Frameworks */,
				DD2B334314CF75AE008DE8CB /* Foundation.framework in Frameworks */,
				DD2B373C14CF7AC7008DE8CB /* QuartzCore.framework in Frameworks */,
				DD2B334114CF75AE008DE8CB /* UIKit.framework in Frameworks */,
				DD2B373814CF7A4D008DE8CB /* libMapView.a in Frameworks */,
				DD2B373A14CF7AAB008DE8CB /* libsqlite3.dylib in Frameworks */,
			);
			runOnlyForDeploymentPostprocessing = 0;
		};
/* End PBXFrameworksBuildPhase section */

/* Begin PBXGroup section */
		DD2B333114CF75AE008DE8CB = {
			isa = PBXGroup;
			children = (
				DD2B334614CF75AE008DE8CB /* Mapresent */,
				DD2B375714CF81F1008DE8CB /* Resources */,
				DD2B336214CF79BF008DE8CB /* Externals */,
				DD2B333F14CF75AE008DE8CB /* Frameworks */,
				DD2B333D14CF75AE008DE8CB /* Products */,
			);
			sourceTree = "<group>";
		};
		DD2B333D14CF75AE008DE8CB /* Products */ = {
			isa = PBXGroup;
			children = (
				DD2B333C14CF75AE008DE8CB /* Mapresent.app */,
			);
			name = Products;
			sourceTree = "<group>";
		};
		DD2B333F14CF75AE008DE8CB /* Frameworks */ = {
			isa = PBXGroup;
			children = (
				DD2B334414CF75AE008DE8CB /* CoreGraphics.framework */,
				DD2B373D14CF7BFB008DE8CB /* CoreLocation.framework */,
				DD2B334214CF75AE008DE8CB /* Foundation.framework */,
				DD2B373B14CF7AC7008DE8CB /* QuartzCore.framework */,
				DD2B334014CF75AE008DE8CB /* UIKit.framework */,
				DD2B373914CF7AAB008DE8CB /* libsqlite3.dylib */,
			);
			name = Frameworks;
			sourceTree = "<group>";
		};
		DD2B334614CF75AE008DE8CB /* Mapresent */ = {
			isa = PBXGroup;
			children = (
				DD2B334F14CF75AE008DE8CB /* DSMRAppDelegate.h */,
				DD2B335014CF75AE008DE8CB /* DSMRAppDelegate.m */,
				DD2B335214CF75AE008DE8CB /* DSMRViewController.h */,
				DD2B335314CF75AE008DE8CB /* DSMRViewController.m */,
				DD2B335514CF75AE008DE8CB /* DSMRViewController.xib */,
				DD2B334714CF75AE008DE8CB /* Supporting Files */,
			);
			path = Mapresent;
			sourceTree = "<group>";
		};
		DD2B334714CF75AE008DE8CB /* Supporting Files */ = {
			isa = PBXGroup;
			children = (
				DD2B334814CF75AE008DE8CB /* Mapresent-Info.plist */,
				DD2B334914CF75AE008DE8CB /* InfoPlist.strings */,
				DD2B334C14CF75AE008DE8CB /* main.m */,
				DD2B334E14CF75AE008DE8CB /* Mapresent-Prefix.pch */,
			);
			name = "Supporting Files";
			sourceTree = "<group>";
		};
		DD2B336214CF79BF008DE8CB /* Externals */ = {
			isa = PBXGroup;
			children = (
				DD2B373514CF79F2008DE8CB /* alpstein-route-me */,
			);
			name = Externals;
			path = Mapresent;
			sourceTree = "<group>";
		};
		DD2B372214CF79ED008DE8CB /* Products */ = {
			isa = PBXGroup;
			children = (
				DD2B373114CF79ED008DE8CB /* libMapView.a */,
				DD2B373314CF79ED008DE8CB /* RM Unit Tests.app */,
			);
			name = Products;
			sourceTree = "<group>";
		};
		DD2B373514CF79F2008DE8CB /* alpstein-route-me */ = {
			isa = PBXGroup;
			children = (
				DD2B372114CF79ED008DE8CB /* MapView.xcodeproj */,
			);
			name = "alpstein-route-me";
			sourceTree = "<group>";
		};
		DD2B375714CF81F1008DE8CB /* Resources */ = {
			isa = PBXGroup;
			children = (
				DD2B375814CF822C008DE8CB /* geography-class.mbtiles */,
			);
			name = Resources;
			path = Mapresent;
			sourceTree = "<group>";
		};
/* End PBXGroup section */

/* Begin PBXNativeTarget section */
		DD2B333B14CF75AE008DE8CB /* Mapresent */ = {
			isa = PBXNativeTarget;
			buildConfigurationList = DD2B335A14CF75AE008DE8CB /* Build configuration list for PBXNativeTarget "Mapresent" */;
			buildPhases = (
				DD2B333814CF75AE008DE8CB /* Sources */,
				DD2B333914CF75AE008DE8CB /* Frameworks */,
				DD2B333A14CF75AE008DE8CB /* Resources */,
			);
			buildRules = (
			);
			dependencies = (
				DD2B373714CF7A08008DE8CB /* PBXTargetDependency */,
			);
			name = Mapresent;
			productName = Mapresent;
			productReference = DD2B333C14CF75AE008DE8CB /* Mapresent.app */;
			productType = "com.apple.product-type.application";
		};
/* End PBXNativeTarget section */

/* Begin PBXProject section */
		DD2B333314CF75AE008DE8CB /* Project object */ = {
			isa = PBXProject;
			attributes = {
				LastUpgradeCheck = 0420;
				ORGANIZATIONNAME = "Development Seed";
			};
			buildConfigurationList = DD2B333614CF75AE008DE8CB /* Build configuration list for PBXProject "Mapresent" */;
			compatibilityVersion = "Xcode 3.2";
			developmentRegion = English;
			hasScannedForEncodings = 0;
			knownRegions = (
				en,
			);
			mainGroup = DD2B333114CF75AE008DE8CB;
			productRefGroup = DD2B333D14CF75AE008DE8CB /* Products */;
			projectDirPath = "";
			projectReferences = (
				{
					ProductGroup = DD2B372214CF79ED008DE8CB /* Products */;
					ProjectRef = DD2B372114CF79ED008DE8CB /* MapView.xcodeproj */;
				},
			);
			projectRoot = "";
			targets = (
				DD2B333B14CF75AE008DE8CB /* Mapresent */,
			);
		};
/* End PBXProject section */

/* Begin PBXReferenceProxy section */
		DD2B373114CF79ED008DE8CB /* libMapView.a */ = {
			isa = PBXReferenceProxy;
			fileType = archive.ar;
			path = libMapView.a;
			remoteRef = DD2B373014CF79ED008DE8CB /* PBXContainerItemProxy */;
			sourceTree = BUILT_PRODUCTS_DIR;
		};
		DD2B373314CF79ED008DE8CB /* RM Unit Tests.app */ = {
			isa = PBXReferenceProxy;
			fileType = wrapper.application;
			path = "RM Unit Tests.app";
			remoteRef = DD2B373214CF79ED008DE8CB /* PBXContainerItemProxy */;
			sourceTree = BUILT_PRODUCTS_DIR;
		};
/* End PBXReferenceProxy section */

/* Begin PBXResourcesBuildPhase section */
		DD2B333A14CF75AE008DE8CB /* Resources */ = {
			isa = PBXResourcesBuildPhase;
			buildActionMask = 2147483647;
			files = (
				DD2B334B14CF75AE008DE8CB /* InfoPlist.strings in Resources */,
				DD2B335714CF75AE008DE8CB /* DSMRViewController.xib in Resources */,
				DD2B375914CF822C008DE8CB /* geography-class.mbtiles in Resources */,
			);
			runOnlyForDeploymentPostprocessing = 0;
		};
/* End PBXResourcesBuildPhase section */

/* Begin PBXSourcesBuildPhase section */
		DD2B333814CF75AE008DE8CB /* Sources */ = {
			isa = PBXSourcesBuildPhase;
			buildActionMask = 2147483647;
			files = (
				DD2B334D14CF75AE008DE8CB /* main.m in Sources */,
				DD2B335114CF75AE008DE8CB /* DSMRAppDelegate.m in Sources */,
				DD2B335414CF75AE008DE8CB /* DSMRViewController.m in Sources */,
			);
			runOnlyForDeploymentPostprocessing = 0;
		};
/* End PBXSourcesBuildPhase section */

/* Begin PBXTargetDependency section */
		DD2B373714CF7A08008DE8CB /* PBXTargetDependency */ = {
			isa = PBXTargetDependency;
			name = MapView;
			targetProxy = DD2B373614CF7A08008DE8CB /* PBXContainerItemProxy */;
		};
/* End PBXTargetDependency section */

/* Begin PBXVariantGroup section */
		DD2B334914CF75AE008DE8CB /* InfoPlist.strings */ = {
			isa = PBXVariantGroup;
			children = (
				DD2B334A14CF75AE008DE8CB /* en */,
			);
			name = InfoPlist.strings;
			sourceTree = "<group>";
		};
		DD2B335514CF75AE008DE8CB /* DSMRViewController.xib */ = {
			isa = PBXVariantGroup;
			children = (
				DD2B335614CF75AE008DE8CB /* en */,
			);
			name = DSMRViewController.xib;
			sourceTree = "<group>";
		};
/* End PBXVariantGroup section */

/* Begin XCBuildConfiguration section */
		DD2B335814CF75AE008DE8CB /* Debug */ = {
			isa = XCBuildConfiguration;
			buildSettings = {
				ALWAYS_SEARCH_USER_PATHS = NO;
				ARCHS = "$(ARCHS_STANDARD_32_BIT)";
				CLANG_ENABLE_OBJC_ARC = YES;
				"CODE_SIGN_IDENTITY[sdk=iphoneos*]" = "iPhone Developer";
				COPY_PHASE_STRIP = NO;
				GCC_C_LANGUAGE_STANDARD = gnu99;
				GCC_DYNAMIC_NO_PIC = NO;
				GCC_OPTIMIZATION_LEVEL = 0;
				GCC_PREPROCESSOR_DEFINITIONS = (
					"DEBUG=1",
					"$(inherited)",
				);
				GCC_SYMBOLS_PRIVATE_EXTERN = NO;
				GCC_VERSION = com.apple.compilers.llvm.clang.1_0;
				GCC_WARN_ABOUT_MISSING_PROTOTYPES = YES;
				GCC_WARN_ABOUT_RETURN_TYPE = YES;
				GCC_WARN_UNUSED_VARIABLE = YES;
				HEADER_SEARCH_PATHS = "\"$(SRCROOT)/Externals/alpstein-route-me/MapView/Map/**";
				IPHONEOS_DEPLOYMENT_TARGET = 5.0;
				SDKROOT = iphoneos;
				TARGETED_DEVICE_FAMILY = 2;
			};
			name = Debug;
		};
		DD2B335914CF75AE008DE8CB /* Release */ = {
			isa = XCBuildConfiguration;
			buildSettings = {
				ALWAYS_SEARCH_USER_PATHS = NO;
				ARCHS = "$(ARCHS_STANDARD_32_BIT)";
				CLANG_ENABLE_OBJC_ARC = YES;
				"CODE_SIGN_IDENTITY[sdk=iphoneos*]" = "iPhone Developer";
				COPY_PHASE_STRIP = YES;
				GCC_C_LANGUAGE_STANDARD = gnu99;
				GCC_VERSION = com.apple.compilers.llvm.clang.1_0;
				GCC_WARN_ABOUT_MISSING_PROTOTYPES = YES;
				GCC_WARN_ABOUT_RETURN_TYPE = YES;
				GCC_WARN_UNUSED_VARIABLE = YES;
				HEADER_SEARCH_PATHS = "\"$(SRCROOT)/Externals/alpstein-route-me/MapView/Map/**";
				IPHONEOS_DEPLOYMENT_TARGET = 5.0;
				OTHER_CFLAGS = "-DNS_BLOCK_ASSERTIONS=1";
				SDKROOT = iphoneos;
				TARGETED_DEVICE_FAMILY = 2;
				VALIDATE_PRODUCT = YES;
			};
			name = Release;
		};
		DD2B335B14CF75AE008DE8CB /* Debug */ = {
			isa = XCBuildConfiguration;
			buildSettings = {
				GCC_PRECOMPILE_PREFIX_HEADER = YES;
				GCC_PREFIX_HEADER = "Mapresent/Mapresent-Prefix.pch";
				INFOPLIST_FILE = "Mapresent/Mapresent-Info.plist";
				PRODUCT_NAME = "$(TARGET_NAME)";
				WRAPPER_EXTENSION = app;
			};
			name = Debug;
		};
		DD2B335C14CF75AE008DE8CB /* Release */ = {
			isa = XCBuildConfiguration;
			buildSettings = {
				GCC_PRECOMPILE_PREFIX_HEADER = YES;
				GCC_PREFIX_HEADER = "Mapresent/Mapresent-Prefix.pch";
				INFOPLIST_FILE = "Mapresent/Mapresent-Info.plist";
				PRODUCT_NAME = "$(TARGET_NAME)";
				WRAPPER_EXTENSION = app;
			};
			name = Release;
		};
/* End XCBuildConfiguration section */

/* Begin XCConfigurationList section */
		DD2B333614CF75AE008DE8CB /* Build configuration list for PBXProject "Mapresent" */ = {
			isa = XCConfigurationList;
			buildConfigurations = (
				DD2B335814CF75AE008DE8CB /* Debug */,
				DD2B335914CF75AE008DE8CB /* Release */,
			);
			defaultConfigurationIsVisible = 0;
			defaultConfigurationName = Release;
		};
		DD2B335A14CF75AE008DE8CB /* Build configuration list for PBXNativeTarget "Mapresent" */ = {
			isa = XCConfigurationList;
			buildConfigurations = (
				DD2B335B14CF75AE008DE8CB /* Debug */,
				DD2B335C14CF75AE008DE8CB /* Release */,
			);
			defaultConfigurationIsVisible = 0;
			defaultConfigurationName = Release;
		};
/* End XCConfigurationList section */
	};
	rootObject = DD2B333314CF75AE008DE8CB /* Project object */;
}
